
Microsoft Visual Studio Solution File, Format Version 12.00
# Visual Studio Version 17
VisualStudioVersion = 17.5.33424.131
MinimumVisualStudioVersion = 10.0.40219.1
Project("{FAE04EC0-301F-11D3-BF4B-00C04F79EFBC}") = "RestfulAPI-Project", "RestfulAPI-Project\RestfulAPI-Project.csproj", "{FE6FF832-10CC-43F3-A944-1BC063C79E69}"
EndProject
Global
	GlobalSection(SolutionConfigurationPlatforms) = preSolution
		Debug|Any CPU = Debug|Any CPU
		Release|Any CPU = Release|Any CPU
	EndGlobalSection
	GlobalSection(ProjectConfigurationPlatforms) = postSolution
		{FE6FF832-10CC-43F3-A944-1BC063C79E69}.Debug|Any CPU.ActiveCfg = Debug|Any CPU
		{FE6FF832-10CC-43F3-A944-1BC063C79E69}.Debug|Any CPU.Build.0 = Debug|Any CPU
		{FE6FF832-10CC-43F3-A944-1BC063C79E69}.Release|Any CPU.ActiveCfg = Release|Any CPU
		{FE6FF832-10CC-43F3-A944-1BC063C79E69}.Release|Any CPU.Build.0 = Release|Any CPU
	EndGlobalSection
	GlobalSection(SolutionProperties) = preSolution
		HideSolutionNode = FALSE
	EndGlobalSection
	GlobalSection(ExtensibilityGlobals) = postSolution
		SolutionGuid = {4996A99D-26C4-4085-8DB7-795D6E598BF2}
	EndGlobalSection
EndGlobal
